
Microsoft Visual Studio Solution File, Format Version 12.00
# Visual Studio Version 16
VisualStudioVersion = 16.0.30406.217
MinimumVisualStudioVersion = 10.0.40219.1
Project("{FAE04EC0-301F-11D3-BF4B-00C04F79EFBC}") = "Adaptive Triggers", "UsingBlendForVisualSates\Adaptive Triggers.csproj", "{6510C97D-9F73-4DDA-BDE9-6AA4F756F1A7}"
EndProject
Project("{FAE04EC0-301F-11D3-BF4B-00C04F79EFBC}") = "AdaptiveLayout", "AdaptiveLayout\AdaptiveLayout.csproj", "{A5139E5B-4DDA-4D3D-9D93-FD21C606A3A8}"
EndProject
Project("{FAE04EC0-301F-11D3-BF4B-00C04F79EFBC}") = "xBindData", "xBindData\xBindData.csproj", "{2747B2E6-AED0-4F8A-86AF-2DBFBA017BE5}"
EndProject
Project("{FAE04EC0-301F-11D3-BF4B-00C04F79EFBC}") = "ObservableCollectionExample", "ObservableCollectionExample\ObservableCollectionExample.csproj", "{6345B1D8-228D-448E-89A4-539888EFAB25}"
EndProject
Project("{FAE04EC0-301F-11D3-BF4B-00C04F79EFBC}") = "UserControlDataTemplate", "UserControlDataTemplate\UserControlDataTemplate.csproj", "{A9CF0E90-462D-4161-808F-9D178B6858A0}"
EndProject
Global
	GlobalSection(SolutionConfigurationPlatforms) = preSolution
		Debug|ARM = Debug|ARM
		Debug|ARM64 = Debug|ARM64
		Debug|x64 = Debug|x64
		Debug|x86 = Debug|x86
		Release|ARM = Release|ARM
		Release|ARM64 = Release|ARM64
		Release|x64 = Release|x64
		Release|x86 = Release|x86
	EndGlobalSection
	GlobalSection(ProjectConfigurationPlatforms) = postSolution
		{6510C97D-9F73-4DDA-BDE9-6AA4F756F1A7}.Debug|ARM.ActiveCfg = Debug|ARM
		{6510C97D-9F73-4DDA-BDE9-6AA4F756F1A7}.Debug|ARM.Build.0 = Debug|ARM
		{6510C97D-9F73-4DDA-BDE9-6AA4F756F1A7}.Debug|ARM.Deploy.0 = Debug|ARM
		{6510C97D-9F73-4DDA-BDE9-6AA4F756F1A7}.Debug|ARM64.ActiveCfg = Debug|ARM64
		{6510C97D-9F73-4DDA-BDE9-6AA4F756F1A7}.Debug|ARM64.Build.0 = Debug|ARM64
		{6510C97D-9F73-4DDA-BDE9-6AA4F756F1A7}.Debug|ARM64.Deploy.0 = Debug|ARM64
		{6510C97D-9F73-4DDA-BDE9-6AA4F756F1A7}.Debug|x64.ActiveCfg = Debug|x64
		{6510C97D-9F73-4DDA-BDE9-6AA4F756F1A7}.Debug|x64.Build.0 = Debug|x64
		{6510C97D-9F73-4DDA-BDE9-6AA4F756F1A7}.Debug|x64.Deploy.0 = Debug|x64
		{6510C97D-9F73-4DDA-BDE9-6AA4F756F1A7}.Debug|x86.ActiveCfg = Debug|x86
		{6510C97D-9F73-4DDA-BDE9-6AA4F756F1A7}.Debug|x86.Build.0 = Debug|x86
		{6510C97D-9F73-4DDA-BDE9-6AA4F756F1A7}.Debug|x86.Deploy.0 = Debug|x86
		{6510C97D-9F73-4DDA-BDE9-6AA4F756F1A7}.Release|ARM.ActiveCfg = Release|ARM
		{6510C97D-9F73-4DDA-BDE9-6AA4F756F1A7}.Release|ARM.Build.0 = Release|ARM
		{6510C97D-9F73-4DDA-BDE9-6AA4F756F1A7}.Release|ARM.Deploy.0 = Release|ARM
		{6510C97D-9F73-4DDA-BDE9-6AA4F756F1A7}.Release|ARM64.ActiveCfg = Release|ARM64
		{6510C97D-9F73-4DDA-BDE9-6AA4F756F1A7}.Release|ARM64.Build.0 = Release|ARM64
		{6510C97D-9F73-4DDA-BDE9-6AA4F756F1A7}.Release|ARM64.Deploy.0 = Release|ARM64
		{6510C97D-9F73-4DDA-BDE9-6AA4F756F1A7}.Release|x64.ActiveCfg = Release|x64
		{6510C97D-9F73-4DDA-BDE9-6AA4F756F1A7}.Release|x64.Build.0 = Release|x64
		{6510C97D-9F73-4DDA-BDE9-6AA4F756F1A7}.Release|x64.Deploy.0 = Release|x64
		{6510C97D-9F73-4DDA-BDE9-6AA4F756F1A7}.Release|x86.ActiveCfg = Release|x86
		{6510C97D-9F73-4DDA-BDE9-6AA4F756F1A7}.Release|x86.Build.0 = Release|x86
		{6510C97D-9F73-4DDA-BDE9-6AA4F756F1A7}.Release|x86.Deploy.0 = Release|x86
		{A5139E5B-4DDA-4D3D-9D93-FD21C606A3A8}.Debug|ARM.ActiveCfg = Debug|ARM
		{A5139E5B-4DDA-4D3D-9D93-FD21C606A3A8}.Debug|ARM.Build.0 = Debug|ARM
		{A5139E5B-4DDA-4D3D-9D93-FD21C606A3A8}.Debug|ARM.Deploy.0 = Debug|ARM
		{A5139E5B-4DDA-4D3D-9D93-FD21C606A3A8}.Debug|ARM64.ActiveCfg = Debug|ARM64
		{A5139E5B-4DDA-4D3D-9D93-FD21C606A3A8}.Debug|ARM64.Build.0 = Debug|ARM64
		{A5139E5B-4DDA-4D3D-9D93-FD21C606A3A8}.Debug|ARM64.Deploy.0 = Debug|ARM64
		{A5139E5B-4DDA-4D3D-9D93-FD21C606A3A8}.Debug|x64.ActiveCfg = Debug|x64
		{A5139E5B-4DDA-4D3D-9D93-FD21C606A3A8}.Debug|x64.Build.0 = Debug|x64
		{A5139E5B-4DDA-4D3D-9D93-FD21C606A3A8}.Debug|x64.Deploy.0 = Debug|x64
		{A5139E5B-4DDA-4D3D-9D93-FD21C606A3A8}.Debug|x86.ActiveCfg = Debug|x86
		{A5139E5B-4DDA-4D3D-9D93-FD21C606A3A8}.Debug|x86.Build.0 = Debug|x86
		{A5139E5B-4DDA-4D3D-9D93-FD21C606A3A8}.Debug|x86.Deploy.0 = Debug|x86
		{A5139E5B-4DDA-4D3D-9D93-FD21C606A3A8}.Release|ARM.ActiveCfg = Release|ARM
		{A5139E5B-4DDA-4D3D-9D93-FD21C606A3A8}.Release|ARM.Build.0 = Release|ARM
		{A5139E5B-4DDA-4D3D-9D93-FD21C606A3A8}.Release|ARM.Deploy.0 = Release|ARM
		{A5139E5B-4DDA-4D3D-9D93-FD21C606A3A8}.Release|ARM64.ActiveCfg = Release|ARM64
		{A5139E5B-4DDA-4D3D-9D93-FD21C606A3A8}.Release|ARM64.Build.0 = Release|ARM64
		{A5139E5B-4DDA-4D3D-9D93-FD21C606A3A8}.Release|ARM64.Deploy.0 = Release|ARM64
		{A5139E5B-4DDA-4D3D-9D93-FD21C606A3A8}.Release|x64.ActiveCfg = Release|x64
		{A5139E5B-4DDA-4D3D-9D93-FD21C606A3A8}.Release|x64.Build.0 = Release|x64
		{A5139E5B-4DDA-4D3D-9D93-FD21C606A3A8}.Release|x64.Deploy.0 = Release|x64
		{A5139E5B-4DDA-4D3D-9D93-FD21C606A3A8}.Release|x86.ActiveCfg = Release|x86
		{A5139E5B-4DDA-4D3D-9D93-FD21C606A3A8}.Release|x86.Build.0 = Release|x86
		{A5139E5B-4DDA-4D3D-9D93-FD21C606A3A8}.Release|x86.Deploy.0 = Release|x86
		{2747B2E6-AED0-4F8A-86AF-2DBFBA017BE5}.Debug|ARM.ActiveCfg = Debug|ARM
		{2747B2E6-AED0-4F8A-86AF-2DBFBA017BE5}.Debug|ARM.Build.0 = Debug|ARM
		{2747B2E6-AED0-4F8A-86AF-2DBFBA017BE5}.Debug|ARM.Deploy.0 = Debug|ARM
		{2747B2E6-AED0-4F8A-86AF-2DBFBA017BE5}.Debug|ARM64.ActiveCfg = Debug|ARM64
		{2747B2E6-AED0-4F8A-86AF-2DBFBA017BE5}.Debug|ARM64.Build.0 = Debug|ARM64
		{2747B2E6-AED0-4F8A-86AF-2DBFBA017BE5}.Debug|ARM64.Deploy.0 = Debug|ARM64
		{2747B2E6-AED0-4F8A-86AF-2DBFBA017BE5}.Debug|x64.ActiveCfg = Debug|x64
		{2747B2E6-AED0-4F8A-86AF-2DBFBA017BE5}.Debug|x64.Build.0 = Debug|x64
		{2747B2E6-AED0-4F8A-86AF-2DBFBA017BE5}.Debug|x64.Deploy.0 = Debug|x64
		{2747B2E6-AED0-4F8A-86AF-2DBFBA017BE5}.Debug|x86.ActiveCfg = Debug|x86
		{2747B2E6-AED0-4F8A-86AF-2DBFBA017BE5}.Debug|x86.Build.0 = Debug|x86
		{2747B2E6-AED0-4F8A-86AF-2DBFBA017BE5}.Debug|x86.Deploy.0 = Debug|x86
		{2747B2E6-AED0-4F8A-86AF-2DBFBA017BE5}.Release|ARM.ActiveCfg = Release|ARM
		{2747B2E6-AED0-4F8A-86AF-2DBFBA017BE5}.Release|ARM.Build.0 = Release|ARM
		{2747B2E6-AED0-4F8A-86AF-2DBFBA017BE5}.Release|ARM.Deploy.0 = Release|ARM
		{2747B2E6-AED0-4F8A-86AF-2DBFBA017BE5}.Release|ARM64.ActiveCfg = Release|ARM64
		{2747B2E6-AED0-4F8A-86AF-2DBFBA017BE5}.Release|ARM64.Build.0 = Release|ARM64
		{2747B2E6-AED0-4F8A-86AF-2DBFBA017BE5}.Release|ARM64.Deploy.0 = Release|ARM64
		{2747B2E6-AED0-4F8A-86AF-2DBFBA017BE5}.Release|x64.ActiveCfg = Release|x64
		{2747B2E6-AED0-4F8A-86AF-2DBFBA017BE5}.Release|x64.Build.0 = Release|x64
		{2747B2E6-AED0-4F8A-86AF-2DBFBA017BE5}.Release|x64.Deploy.0 = Release|x64
		{2747B2E6-AED0-4F8A-86AF-2DBFBA017BE5}.Release|x86.ActiveCfg = Release|x86
		{2747B2E6-AED0-4F8A-86AF-2DBFBA017BE5}.Release|x86.Build.0 = Release|x86
		{2747B2E6-AED0-4F8A-86AF-2DBFBA017BE5}.Release|x86.Deploy.0 = Release|x86
		{6345B1D8-228D-448E-89A4-539888EFAB25}.Debug|ARM.ActiveCfg = Debug|ARM
		{6345B1D8-228D-448E-89A4-539888EFAB25}.Debug|ARM.Build.0 = Debug|ARM
		{6345B1D8-228D-448E-89A4-539888EFAB25}.Debug|ARM.Deploy.0 = Debug|ARM
		{6345B1D8-228D-448E-89A4-539888EFAB25}.Debug|ARM64.ActiveCfg = Debug|ARM64
		{6345B1D8-228D-448E-89A4-539888EFAB25}.Debug|ARM64.Build.0 = Debug|ARM64
		{6345B1D8-228D-448E-89A4-539888EFAB25}.Debug|ARM64.Deploy.0 = Debug|ARM64
		{6345B1D8-228D-448E-89A4-539888EFAB25}.Debug|x64.ActiveCfg = Debug|x64
		{6345B1D8-228D-448E-89A4-539888EFAB25}.Debug|x64.Build.0 = Debug|x64
		{6345B1D8-228D-448E-89A4-539888EFAB25}.Debug|x64.Deploy.0 = Debug|x64
		{6345B1D8-228D-448E-89A4-539888EFAB25}.Debug|x86.ActiveCfg = Debug|x86
		{6345B1D8-228D-448E-89A4-539888EFAB25}.Debug|x86.Build.0 = Debug|x86
		{6345B1D8-228D-448E-89A4-539888EFAB25}.Debug|x86.Deploy.0 = Debug|x86
		{6345B1D8-228D-448E-89A4-539888EFAB25}.Release|ARM.ActiveCfg = Release|ARM
		{6345B1D8-228D-448E-89A4-539888EFAB25}.Release|ARM.Build.0 = Release|ARM
		{6345B1D8-228D-448E-89A4-539888EFAB25}.Release|ARM.Deploy.0 = Release|ARM
		{6345B1D8-228D-448E-89A4-539888EFAB25}.Release|ARM64.ActiveCfg = Release|ARM64
		{6345B1D8-228D-448E-89A4-539888EFAB25}.Release|ARM64.Build.0 = Release|ARM64
		{6345B1D8-228D-448E-89A4-539888EFAB25}.Release|ARM64.Deploy.0 = Release|ARM64
		{6345B1D8-228D-448E-89A4-539888EFAB25}.Release|x64.ActiveCfg = Release|x64
		{6345B1D8-228D-448E-89A4-539888EFAB25}.Release|x64.Build.0 = Release|x64
		{6345B1D8-228D-448E-89A4-539888EFAB25}.Release|x64.Deploy.0 = Release|x64
		{6345B1D8-228D-448E-89A4-539888EFAB25}.Release|x86.ActiveCfg = Release|x86
		{6345B1D8-228D-448E-89A4-539888EFAB25}.Release|x86.Build.0 = Release|x86
		{6345B1D8-228D-448E-89A4-539888EFAB25}.Release|x86.Deploy.0 = Release|x86
		{A9CF0E90-462D-4161-808F-9D178B6858A0}.Debug|ARM.ActiveCfg = Debug|ARM
		{A9CF0E90-462D-4161-808F-9D178B6858A0}.Debug|ARM.Build.0 = Debug|ARM
		{A9CF0E90-462D-4161-808F-9D178B6858A0}.Debug|ARM.Deploy.0 = Debug|ARM
		{A9CF0E90-462D-4161-808F-9D178B6858A0}.Debug|ARM64.ActiveCfg = Debug|ARM64
		{A9CF0E90-462D-4161-808F-9D178B6858A0}.Debug|ARM64.Build.0 = Debug|ARM64
		{A9CF0E90-462D-4161-808F-9D178B6858A0}.Debug|ARM64.Deploy.0 = Debug|ARM64
		{A9CF0E90-462D-4161-808F-9D178B6858A0}.Debug|x64.ActiveCfg = Debug|x64
		{A9CF0E90-462D-4161-808F-9D178B6858A0}.Debug|x64.Build.0 = Debug|x64
		{A9CF0E90-462D-4161-808F-9D178B6858A0}.Debug|x64.Deploy.0 = Debug|x64
		{A9CF0E90-462D-4161-808F-9D178B6858A0}.Debug|x86.ActiveCfg = Debug|x86
		{A9CF0E90-462D-4161-808F-9D178B6858A0}.Debug|x86.Build.0 = Debug|x86
		{A9CF0E90-462D-4161-808F-9D178B6858A0}.Debug|x86.Deploy.0 = Debug|x86
		{A9CF0E90-462D-4161-808F-9D178B6858A0}.Release|ARM.ActiveCfg = Release|ARM
		{A9CF0E90-462D-4161-808F-9D178B6858A0}.Release|ARM.Build.0 = Release|ARM
		{A9CF0E90-462D-4161-808F-9D178B6858A0}.Release|ARM.Deploy.0 = Release|ARM
		{A9CF0E90-462D-4161-808F-9D178B6858A0}.Release|ARM64.ActiveCfg = Release|ARM64
		{A9CF0E90-462D-4161-808F-9D178B6858A0}.Release|ARM64.Build.0 = Release|ARM64
		{A9CF0E90-462D-4161-808F-9D178B6858A0}.Release|ARM64.Deploy.0 = Release|ARM64
		{A9CF0E90-462D-4161-808F-9D178B6858A0}.Release|x64.ActiveCfg = Release|x64
		{A9CF0E90-462D-4161-808F-9D178B6858A0}.Release|x64.Build.0 = Release|x64
		{A9CF0E90-462D-4161-808F-9D178B6858A0}.Release|x64.Deploy.0 = Release|x64
		{A9CF0E90-462D-4161-808F-9D178B6858A0}.Release|x86.ActiveCfg = Release|x86
		{A9CF0E90-462D-4161-808F-9D178B6858A0}.Release|x86.Build.0 = Release|x86
		{A9CF0E90-462D-4161-808F-9D178B6858A0}.Release|x86.Deploy.0 = Release|x86
	EndGlobalSection
	GlobalSection(SolutionProperties) = preSolution
		HideSolutionNode = FALSE
	EndGlobalSection
	GlobalSection(ExtensibilityGlobals) = postSolution
		SolutionGuid = {62B2EDC1-BA78-40A1-95BF-00328B9C49C4}
	EndGlobalSection
EndGlobal
