
Microsoft Visual Studio Solution File, Format Version 12.00
# Visual Studio Version 16
VisualStudioVersion = 16.0.30406.217
MinimumVisualStudioVersion = 10.0.40219.1
Project("{FAE04EC0-301F-11D3-BF4B-00C04F79EFBC}") = "Session09", "Session09\Session09.csproj", "{500F2659-1FBE-4D97-951C-5F40F1F9512A}"
EndProject
Global
	GlobalSection(SolutionConfigurationPlatforms) = preSolution
		Debug|Any CPU = Debug|Any CPU
		Release|Any CPU = Release|Any CPU
	EndGlobalSection
	GlobalSection(ProjectConfigurationPlatforms) = postSolution
		{500F2659-1FBE-4D97-951C-5F40F1F9512A}.Debug|Any CPU.ActiveCfg = Debug|Any CPU
		{500F2659-1FBE-4D97-951C-5F40F1F9512A}.Debug|Any CPU.Build.0 = Debug|Any CPU
		{500F2659-1FBE-4D97-951C-5F40F1F9512A}.Release|Any CPU.ActiveCfg = Release|Any CPU
		{500F2659-1FBE-4D97-951C-5F40F1F9512A}.Release|Any CPU.Build.0 = Release|Any CPU
	EndGlobalSection
	GlobalSection(SolutionProperties) = preSolution
		HideSolutionNode = FALSE
	EndGlobalSection
	GlobalSection(ExtensibilityGlobals) = postSolution
		SolutionGuid = {1BCBBD32-19C4-4BFE-A6DF-52A89BACD090}
	EndGlobalSection
EndGlobal
