
Microsoft Visual Studio Solution File, Format Version 12.00
# Visual Studio Version 16
VisualStudioVersion = 16.0.30320.27
MinimumVisualStudioVersion = 10.0.40219.1
Project("{FAE04EC0-301F-11D3-BF4B-00C04F79EFBC}") = "HelloT1904E", "T1904E\HelloT1904E.csproj", "{EDDE05D0-A267-49C2-8866-5EF29146510E}"
EndProject
Project("{FAE04EC0-301F-11D3-BF4B-00C04F79EFBC}") = "QualityTest", "QualityTest\QualityTest.csproj", "{35D7770E-2A3B-47AD-8C3F-8F173628AC50}"
EndProject
Global
	GlobalSection(SolutionConfigurationPlatforms) = preSolution
		Debug|Any CPU = Debug|Any CPU
		Release|Any CPU = Release|Any CPU
	EndGlobalSection
	GlobalSection(ProjectConfigurationPlatforms) = postSolution
		{EDDE05D0-A267-49C2-8866-5EF29146510E}.Debug|Any CPU.ActiveCfg = Debug|Any CPU
		{EDDE05D0-A267-49C2-8866-5EF29146510E}.Debug|Any CPU.Build.0 = Debug|Any CPU
		{EDDE05D0-A267-49C2-8866-5EF29146510E}.Release|Any CPU.ActiveCfg = Release|Any CPU
		{EDDE05D0-A267-49C2-8866-5EF29146510E}.Release|Any CPU.Build.0 = Release|Any CPU
		{35D7770E-2A3B-47AD-8C3F-8F173628AC50}.Debug|Any CPU.ActiveCfg = Debug|Any CPU
		{35D7770E-2A3B-47AD-8C3F-8F173628AC50}.Debug|Any CPU.Build.0 = Debug|Any CPU
		{35D7770E-2A3B-47AD-8C3F-8F173628AC50}.Release|Any CPU.ActiveCfg = Release|Any CPU
		{35D7770E-2A3B-47AD-8C3F-8F173628AC50}.Release|Any CPU.Build.0 = Release|Any CPU
	EndGlobalSection
	GlobalSection(SolutionProperties) = preSolution
		HideSolutionNode = FALSE
	EndGlobalSection
	GlobalSection(ExtensibilityGlobals) = postSolution
		SolutionGuid = {48635B5A-D9C6-4F27-8DB0-14AF67096480}
	EndGlobalSection
EndGlobal
