
Microsoft Visual Studio Solution File, Format Version 12.00
# Visual Studio Version 16
VisualStudioVersion = 16.0.30406.217
MinimumVisualStudioVersion = 10.0.40219.1
Project("{FAE04EC0-301F-11D3-BF4B-00C04F79EFBC}") = "Session09", "Session09\Session09.csproj", "{ABC9CC8B-4BA0-40FF-A53B-649820033F3C}"
EndProject
Global
	GlobalSection(SolutionConfigurationPlatforms) = preSolution
		Debug|Any CPU = Debug|Any CPU
		Release|Any CPU = Release|Any CPU
	EndGlobalSection
	GlobalSection(ProjectConfigurationPlatforms) = postSolution
		{ABC9CC8B-4BA0-40FF-A53B-649820033F3C}.Debug|Any CPU.ActiveCfg = Debug|Any CPU
		{ABC9CC8B-4BA0-40FF-A53B-649820033F3C}.Debug|Any CPU.Build.0 = Debug|Any CPU
		{ABC9CC8B-4BA0-40FF-A53B-649820033F3C}.Release|Any CPU.ActiveCfg = Release|Any CPU
		{ABC9CC8B-4BA0-40FF-A53B-649820033F3C}.Release|Any CPU.Build.0 = Release|Any CPU
	EndGlobalSection
	GlobalSection(SolutionProperties) = preSolution
		HideSolutionNode = FALSE
	EndGlobalSection
	GlobalSection(ExtensibilityGlobals) = postSolution
		SolutionGuid = {18A1DD8A-9648-4EBB-9ACE-12D9CF40D288}
	EndGlobalSection
EndGlobal
